
Microsoft Visual Studio Solution File, Format Version 12.00
# Visual Studio Version 17
VisualStudioVersion = 17.7.34221.43
MinimumVisualStudioVersion = 10.0.40219.1
Project("{FAE04EC0-301F-11D3-BF4B-00C04F79EFBC}") = "01_SimpleChart", "SimpleChart\01_SimpleChart.csproj", "{CDB644B2-5AB1-464D-99C3-1AE929C1AFB6}"
EndProject
Project("{FAE04EC0-301F-11D3-BF4B-00C04F79EFBC}") = "02_GraphChart", "GraphChart\02_GraphChart.csproj", "{9B839DCB-6EFA-4122-B053-F55F4A541D00}"
EndProject
Global
	GlobalSection(SolutionConfigurationPlatforms) = preSolution
		Debug|Any CPU = Debug|Any CPU
		Release|Any CPU = Release|Any CPU
	EndGlobalSection
	GlobalSection(ProjectConfigurationPlatforms) = postSolution
		{CDB644B2-5AB1-464D-99C3-1AE929C1AFB6}.Debug|Any CPU.ActiveCfg = Debug|Any CPU
		{CDB644B2-5AB1-464D-99C3-1AE929C1AFB6}.Debug|Any CPU.Build.0 = Debug|Any CPU
		{CDB644B2-5AB1-464D-99C3-1AE929C1AFB6}.Release|Any CPU.ActiveCfg = Release|Any CPU
		{CDB644B2-5AB1-464D-99C3-1AE929C1AFB6}.Release|Any CPU.Build.0 = Release|Any CPU
		{9B839DCB-6EFA-4122-B053-F55F4A541D00}.Debug|Any CPU.ActiveCfg = Debug|Any CPU
		{9B839DCB-6EFA-4122-B053-F55F4A541D00}.Debug|Any CPU.Build.0 = Debug|Any CPU
		{9B839DCB-6EFA-4122-B053-F55F4A541D00}.Release|Any CPU.ActiveCfg = Release|Any CPU
		{9B839DCB-6EFA-4122-B053-F55F4A541D00}.Release|Any CPU.Build.0 = Release|Any CPU
	EndGlobalSection
	GlobalSection(SolutionProperties) = preSolution
		HideSolutionNode = FALSE
	EndGlobalSection
	GlobalSection(ExtensibilityGlobals) = postSolution
		SolutionGuid = {4B678EE1-8241-4927-89D2-9CD488BC3DE1}
	EndGlobalSection
EndGlobal
